
Microsoft Visual Studio Solution File, Format Version 12.00
# Visual Studio Version 17
VisualStudioVersion = 17.9.34701.34
MinimumVisualStudioVersion = 10.0.40219.1
Project("{FAE04EC0-301F-11D3-BF4B-00C04F79EFBC}") = "Simulator.NET.Core", "Simulator.NET.Core\Simulator.NET.Core.csproj", "{D6CAC625-05CB-4E25-809E-78DDCD0E975C}"
EndProject
Global
	GlobalSection(SolutionConfigurationPlatforms) = preSolution
		Debug|Any CPU = Debug|Any CPU
		Release|Any CPU = Release|Any CPU
	EndGlobalSection
	GlobalSection(ProjectConfigurationPlatforms) = postSolution
		{D6CAC625-05CB-4E25-809E-78DDCD0E975C}.Debug|Any CPU.ActiveCfg = Debug|Any CPU
		{D6CAC625-05CB-4E25-809E-78DDCD0E975C}.Debug|Any CPU.Build.0 = Debug|Any CPU
		{D6CAC625-05CB-4E25-809E-78DDCD0E975C}.Release|Any CPU.ActiveCfg = Release|Any CPU
		{D6CAC625-05CB-4E25-809E-78DDCD0E975C}.Release|Any CPU.Build.0 = Release|Any CPU
	EndGlobalSection
	GlobalSection(SolutionProperties) = preSolution
		HideSolutionNode = FALSE
	EndGlobalSection
	GlobalSection(ExtensibilityGlobals) = postSolution
		SolutionGuid = {288A6B29-E78D-4CE0-8E30-8BEB35BC9649}
	EndGlobalSection
EndGlobal
